
Microsoft Visual Studio Solution File, Format Version 12.00
# Visual Studio Version 17
VisualStudioVersion = 17.0.31903.59
MinimumVisualStudioVersion = 10.0.40219.1
Project("{2150E333-8FDC-42A3-9474-1A3956D46DE8}") = "src", "src", "{827E0CD3-B72D-47B6-A68D-7590B98EB39B}"
EndProject
Project("{FAE04EC0-301F-11D3-BF4B-00C04F79EFBC}") = "PP", "src\PP.csproj", "{D3A38E47-DA8C-4742-A9DC-824A9C52D30C}"
EndProject
Project("{FAE04EC0-301F-11D3-BF4B-00C04F79EFBC}") = "GameFlag", "..\AxiomPlayground\src\GameFlag\GameFlag.csproj", "{B382727D-48DD-412F-87B0-D5EA6F8E5C09}"
EndProject
Project("{FAE04EC0-301F-11D3-BF4B-00C04F79EFBC}") = "Modding", "..\AxiomPlayground\src\Modding\Modding.csproj", "{95960D6E-9341-4F9E-8B43-36E3DCC9D360}"
EndProject
Project("{FAE04EC0-301F-11D3-BF4B-00C04F79EFBC}") = "Shared", "..\AxiomPlayground\src\Shared\Shared.csproj", "{72759EB3-B58F-4312-9F80-07EB3DB0105C}"
EndProject
Project("{FAE04EC0-301F-11D3-BF4B-00C04F79EFBC}") = "Scripting", "..\AxiomPlayground\src\Scripting\Scripting.csproj", "{170BE572-F2F3-4B77-A02B-9728973E92A6}"
EndProject
Project("{FAE04EC0-301F-11D3-BF4B-00C04F79EFBC}") = "Data", "..\AxiomPlayground\src\Data\Data.csproj", "{81E0F176-691C-49E0-9F13-4123ABAD9947}"
EndProject
Project("{FAE04EC0-301F-11D3-BF4B-00C04F79EFBC}") = "Localization", "..\AxiomPlayground\src\Localization\Localization.csproj", "{20F7EA65-683D-49BB-A91C-04F4DC3DABBF}"
EndProject
Global
	GlobalSection(SolutionConfigurationPlatforms) = preSolution
		Dev|Any CPU = Dev|Any CPU
		Dev|x64 = Dev|x64
		Dev|x86 = Dev|x86
		Debug|Any CPU = Debug|Any CPU
		Debug|x64 = Debug|x64
		Debug|x86 = Debug|x86
		Release|Any CPU = Release|Any CPU
		Release|x64 = Release|x64
		Release|x86 = Release|x86
	EndGlobalSection
	GlobalSection(ProjectConfigurationPlatforms) = postSolution
		{D3A38E47-DA8C-4742-A9DC-824A9C52D30C}.Dev|Any CPU.ActiveCfg = Dev|Any CPU
		{D3A38E47-DA8C-4742-A9DC-824A9C52D30C}.Dev|Any CPU.Build.0 = Dev|Any CPU
		{D3A38E47-DA8C-4742-A9DC-824A9C52D30C}.Dev|x64.ActiveCfg = Dev|Any CPU
		{D3A38E47-DA8C-4742-A9DC-824A9C52D30C}.Dev|x64.Build.0 = Dev|Any CPU
		{D3A38E47-DA8C-4742-A9DC-824A9C52D30C}.Dev|x86.ActiveCfg = Dev|Any CPU
		{D3A38E47-DA8C-4742-A9DC-824A9C52D30C}.Dev|x86.Build.0 = Dev|Any CPU
		{D3A38E47-DA8C-4742-A9DC-824A9C52D30C}.Debug|Any CPU.ActiveCfg = Debug|Any CPU
		{D3A38E47-DA8C-4742-A9DC-824A9C52D30C}.Debug|Any CPU.Build.0 = Debug|Any CPU
		{D3A38E47-DA8C-4742-A9DC-824A9C52D30C}.Debug|x64.ActiveCfg = Debug|Any CPU
		{D3A38E47-DA8C-4742-A9DC-824A9C52D30C}.Debug|x64.Build.0 = Debug|Any CPU
		{D3A38E47-DA8C-4742-A9DC-824A9C52D30C}.Debug|x86.ActiveCfg = Debug|Any CPU
		{D3A38E47-DA8C-4742-A9DC-824A9C52D30C}.Debug|x86.Build.0 = Debug|Any CPU
		{D3A38E47-DA8C-4742-A9DC-824A9C52D30C}.Release|Any CPU.ActiveCfg = Release|Any CPU
		{D3A38E47-DA8C-4742-A9DC-824A9C52D30C}.Release|Any CPU.Build.0 = Release|Any CPU
		{D3A38E47-DA8C-4742-A9DC-824A9C52D30C}.Release|x64.ActiveCfg = Release|Any CPU
		{D3A38E47-DA8C-4742-A9DC-824A9C52D30C}.Release|x64.Build.0 = Release|Any CPU
		{D3A38E47-DA8C-4742-A9DC-824A9C52D30C}.Release|x86.ActiveCfg = Release|Any CPU
		{D3A38E47-DA8C-4742-A9DC-824A9C52D30C}.Release|x86.Build.0 = Release|Any CPU
		{B382727D-48DD-412F-87B0-D5EA6F8E5C09}.Dev|Any CPU.ActiveCfg = Dev|Any CPU
		{B382727D-48DD-412F-87B0-D5EA6F8E5C09}.Dev|Any CPU.Build.0 = Dev|Any CPU
		{B382727D-48DD-412F-87B0-D5EA6F8E5C09}.Dev|x64.ActiveCfg = Dev|Any CPU
		{B382727D-48DD-412F-87B0-D5EA6F8E5C09}.Dev|x64.Build.0 = Dev|Any CPU
		{B382727D-48DD-412F-87B0-D5EA6F8E5C09}.Dev|x86.ActiveCfg = Dev|Any CPU
		{B382727D-48DD-412F-87B0-D5EA6F8E5C09}.Dev|x86.Build.0 = Dev|Any CPU
		{B382727D-48DD-412F-87B0-D5EA6F8E5C09}.Debug|Any CPU.ActiveCfg = Debug|Any CPU
		{B382727D-48DD-412F-87B0-D5EA6F8E5C09}.Debug|Any CPU.Build.0 = Debug|Any CPU
		{B382727D-48DD-412F-87B0-D5EA6F8E5C09}.Debug|x64.ActiveCfg = Debug|Any CPU
		{B382727D-48DD-412F-87B0-D5EA6F8E5C09}.Debug|x64.Build.0 = Debug|Any CPU
		{B382727D-48DD-412F-87B0-D5EA6F8E5C09}.Debug|x86.ActiveCfg = Debug|Any CPU
		{B382727D-48DD-412F-87B0-D5EA6F8E5C09}.Debug|x86.Build.0 = Debug|Any CPU
		{B382727D-48DD-412F-87B0-D5EA6F8E5C09}.Release|Any CPU.ActiveCfg = Release|Any CPU
		{B382727D-48DD-412F-87B0-D5EA6F8E5C09}.Release|Any CPU.Build.0 = Release|Any CPU
		{B382727D-48DD-412F-87B0-D5EA6F8E5C09}.Release|x64.ActiveCfg = Release|Any CPU
		{B382727D-48DD-412F-87B0-D5EA6F8E5C09}.Release|x64.Build.0 = Release|Any CPU
		{B382727D-48DD-412F-87B0-D5EA6F8E5C09}.Release|x86.ActiveCfg = Release|Any CPU
		{B382727D-48DD-412F-87B0-D5EA6F8E5C09}.Release|x86.Build.0 = Release|Any CPU
		{95960D6E-9341-4F9E-8B43-36E3DCC9D360}.Dev|Any CPU.ActiveCfg = Dev|Any CPU
		{95960D6E-9341-4F9E-8B43-36E3DCC9D360}.Dev|Any CPU.Build.0 = Dev|Any CPU
		{95960D6E-9341-4F9E-8B43-36E3DCC9D360}.Dev|x64.ActiveCfg = Dev|Any CPU
		{95960D6E-9341-4F9E-8B43-36E3DCC9D360}.Dev|x64.Build.0 = Dev|Any CPU
		{95960D6E-9341-4F9E-8B43-36E3DCC9D360}.Dev|x86.ActiveCfg = Dev|Any CPU
		{95960D6E-9341-4F9E-8B43-36E3DCC9D360}.Dev|x86.Build.0 = Dev|Any CPU
		{95960D6E-9341-4F9E-8B43-36E3DCC9D360}.Debug|Any CPU.ActiveCfg = Debug|Any CPU
		{95960D6E-9341-4F9E-8B43-36E3DCC9D360}.Debug|Any CPU.Build.0 = Debug|Any CPU
		{95960D6E-9341-4F9E-8B43-36E3DCC9D360}.Debug|x64.ActiveCfg = Debug|Any CPU
		{95960D6E-9341-4F9E-8B43-36E3DCC9D360}.Debug|x64.Build.0 = Debug|Any CPU
		{95960D6E-9341-4F9E-8B43-36E3DCC9D360}.Debug|x86.ActiveCfg = Debug|Any CPU
		{95960D6E-9341-4F9E-8B43-36E3DCC9D360}.Debug|x86.Build.0 = Debug|Any CPU
		{95960D6E-9341-4F9E-8B43-36E3DCC9D360}.Release|Any CPU.ActiveCfg = Release|Any CPU
		{95960D6E-9341-4F9E-8B43-36E3DCC9D360}.Release|Any CPU.Build.0 = Release|Any CPU
		{95960D6E-9341-4F9E-8B43-36E3DCC9D360}.Release|x64.ActiveCfg = Release|Any CPU
		{95960D6E-9341-4F9E-8B43-36E3DCC9D360}.Release|x64.Build.0 = Release|Any CPU
		{95960D6E-9341-4F9E-8B43-36E3DCC9D360}.Release|x86.ActiveCfg = Release|Any CPU
		{95960D6E-9341-4F9E-8B43-36E3DCC9D360}.Release|x86.Build.0 = Release|Any CPU
		{72759EB3-B58F-4312-9F80-07EB3DB0105C}.Dev|Any CPU.ActiveCfg = Dev|Any CPU
		{72759EB3-B58F-4312-9F80-07EB3DB0105C}.Dev|Any CPU.Build.0 = Dev|Any CPU
		{72759EB3-B58F-4312-9F80-07EB3DB0105C}.Dev|x64.ActiveCfg = Dev|Any CPU
		{72759EB3-B58F-4312-9F80-07EB3DB0105C}.Dev|x64.Build.0 = Dev|Any CPU
		{72759EB3-B58F-4312-9F80-07EB3DB0105C}.Dev|x86.ActiveCfg = Dev|Any CPU
		{72759EB3-B58F-4312-9F80-07EB3DB0105C}.Dev|x86.Build.0 = Dev|Any CPU
		{72759EB3-B58F-4312-9F80-07EB3DB0105C}.Debug|Any CPU.ActiveCfg = Debug|Any CPU
		{72759EB3-B58F-4312-9F80-07EB3DB0105C}.Debug|Any CPU.Build.0 = Debug|Any CPU
		{72759EB3-B58F-4312-9F80-07EB3DB0105C}.Debug|x64.ActiveCfg = Debug|Any CPU
		{72759EB3-B58F-4312-9F80-07EB3DB0105C}.Debug|x64.Build.0 = Debug|Any CPU
		{72759EB3-B58F-4312-9F80-07EB3DB0105C}.Debug|x86.ActiveCfg = Debug|Any CPU
		{72759EB3-B58F-4312-9F80-07EB3DB0105C}.Debug|x86.Build.0 = Debug|Any CPU
		{72759EB3-B58F-4312-9F80-07EB3DB0105C}.Release|Any CPU.ActiveCfg = Release|Any CPU
		{72759EB3-B58F-4312-9F80-07EB3DB0105C}.Release|Any CPU.Build.0 = Release|Any CPU
		{72759EB3-B58F-4312-9F80-07EB3DB0105C}.Release|x64.ActiveCfg = Release|Any CPU
		{72759EB3-B58F-4312-9F80-07EB3DB0105C}.Release|x64.Build.0 = Release|Any CPU
		{72759EB3-B58F-4312-9F80-07EB3DB0105C}.Release|x86.ActiveCfg = Release|Any CPU
		{72759EB3-B58F-4312-9F80-07EB3DB0105C}.Release|x86.Build.0 = Release|Any CPU
		{170BE572-F2F3-4B77-A02B-9728973E92A6}.Dev|Any CPU.ActiveCfg = Dev|Any CPU
		{170BE572-F2F3-4B77-A02B-9728973E92A6}.Dev|Any CPU.Build.0 = Dev|Any CPU
		{170BE572-F2F3-4B77-A02B-9728973E92A6}.Dev|x64.ActiveCfg = Dev|Any CPU
		{170BE572-F2F3-4B77-A02B-9728973E92A6}.Dev|x64.Build.0 = Dev|Any CPU
		{170BE572-F2F3-4B77-A02B-9728973E92A6}.Dev|x86.ActiveCfg = Dev|Any CPU
		{170BE572-F2F3-4B77-A02B-9728973E92A6}.Dev|x86.Build.0 = Dev|Any CPU
		{170BE572-F2F3-4B77-A02B-9728973E92A6}.Debug|Any CPU.ActiveCfg = Debug|Any CPU
		{170BE572-F2F3-4B77-A02B-9728973E92A6}.Debug|Any CPU.Build.0 = Debug|Any CPU
		{170BE572-F2F3-4B77-A02B-9728973E92A6}.Debug|x64.ActiveCfg = Debug|Any CPU
		{170BE572-F2F3-4B77-A02B-9728973E92A6}.Debug|x64.Build.0 = Debug|Any CPU
		{170BE572-F2F3-4B77-A02B-9728973E92A6}.Debug|x86.ActiveCfg = Debug|Any CPU
		{170BE572-F2F3-4B77-A02B-9728973E92A6}.Debug|x86.Build.0 = Debug|Any CPU
		{170BE572-F2F3-4B77-A02B-9728973E92A6}.Release|Any CPU.ActiveCfg = Release|Any CPU
		{170BE572-F2F3-4B77-A02B-9728973E92A6}.Release|Any CPU.Build.0 = Release|Any CPU
		{170BE572-F2F3-4B77-A02B-9728973E92A6}.Release|x64.ActiveCfg = Release|Any CPU
		{170BE572-F2F3-4B77-A02B-9728973E92A6}.Release|x64.Build.0 = Release|Any CPU
		{170BE572-F2F3-4B77-A02B-9728973E92A6}.Release|x86.ActiveCfg = Release|Any CPU
		{170BE572-F2F3-4B77-A02B-9728973E92A6}.Release|x86.Build.0 = Release|Any CPU
		{81E0F176-691C-49E0-9F13-4123ABAD9947}.Dev|Any CPU.ActiveCfg = Dev|Any CPU
		{81E0F176-691C-49E0-9F13-4123ABAD9947}.Dev|Any CPU.Build.0 = Dev|Any CPU
		{81E0F176-691C-49E0-9F13-4123ABAD9947}.Dev|x64.ActiveCfg = Dev|Any CPU
		{81E0F176-691C-49E0-9F13-4123ABAD9947}.Dev|x64.Build.0 = Dev|Any CPU
		{81E0F176-691C-49E0-9F13-4123ABAD9947}.Dev|x86.ActiveCfg = Dev|Any CPU
		{81E0F176-691C-49E0-9F13-4123ABAD9947}.Dev|x86.Build.0 = Dev|Any CPU
		{81E0F176-691C-49E0-9F13-4123ABAD9947}.Debug|Any CPU.ActiveCfg = Debug|Any CPU
		{81E0F176-691C-49E0-9F13-4123ABAD9947}.Debug|Any CPU.Build.0 = Debug|Any CPU
		{81E0F176-691C-49E0-9F13-4123ABAD9947}.Debug|x64.ActiveCfg = Debug|Any CPU
		{81E0F176-691C-49E0-9F13-4123ABAD9947}.Debug|x64.Build.0 = Debug|Any CPU
		{81E0F176-691C-49E0-9F13-4123ABAD9947}.Debug|x86.ActiveCfg = Debug|Any CPU
		{81E0F176-691C-49E0-9F13-4123ABAD9947}.Debug|x86.Build.0 = Debug|Any CPU
		{81E0F176-691C-49E0-9F13-4123ABAD9947}.Release|Any CPU.ActiveCfg = Release|Any CPU
		{81E0F176-691C-49E0-9F13-4123ABAD9947}.Release|Any CPU.Build.0 = Release|Any CPU
		{81E0F176-691C-49E0-9F13-4123ABAD9947}.Release|x64.ActiveCfg = Release|Any CPU
		{81E0F176-691C-49E0-9F13-4123ABAD9947}.Release|x64.Build.0 = Release|Any CPU
		{81E0F176-691C-49E0-9F13-4123ABAD9947}.Release|x86.ActiveCfg = Release|Any CPU
		{81E0F176-691C-49E0-9F13-4123ABAD9947}.Release|x86.Build.0 = Release|Any CPU
		{20F7EA65-683D-49BB-A91C-04F4DC3DABBF}.Dev|Any CPU.ActiveCfg = Dev|Any CPU
		{20F7EA65-683D-49BB-A91C-04F4DC3DABBF}.Dev|Any CPU.Build.0 = Dev|Any CPU
		{20F7EA65-683D-49BB-A91C-04F4DC3DABBF}.Dev|x64.ActiveCfg = Dev|Any CPU
		{20F7EA65-683D-49BB-A91C-04F4DC3DABBF}.Dev|x64.Build.0 = Dev|Any CPU
		{20F7EA65-683D-49BB-A91C-04F4DC3DABBF}.Dev|x86.ActiveCfg = Dev|Any CPU
		{20F7EA65-683D-49BB-A91C-04F4DC3DABBF}.Dev|x86.Build.0 = Dev|Any CPU
		{20F7EA65-683D-49BB-A91C-04F4DC3DABBF}.Debug|Any CPU.ActiveCfg = Debug|Any CPU
		{20F7EA65-683D-49BB-A91C-04F4DC3DABBF}.Debug|Any CPU.Build.0 = Debug|Any CPU
		{20F7EA65-683D-49BB-A91C-04F4DC3DABBF}.Debug|x64.ActiveCfg = Debug|Any CPU
		{20F7EA65-683D-49BB-A91C-04F4DC3DABBF}.Debug|x64.Build.0 = Debug|Any CPU
		{20F7EA65-683D-49BB-A91C-04F4DC3DABBF}.Debug|x86.ActiveCfg = Debug|Any CPU
		{20F7EA65-683D-49BB-A91C-04F4DC3DABBF}.Debug|x86.Build.0 = Debug|Any CPU
		{20F7EA65-683D-49BB-A91C-04F4DC3DABBF}.Release|Any CPU.ActiveCfg = Release|Any CPU
		{20F7EA65-683D-49BB-A91C-04F4DC3DABBF}.Release|Any CPU.Build.0 = Release|Any CPU
		{20F7EA65-683D-49BB-A91C-04F4DC3DABBF}.Release|x64.ActiveCfg = Release|Any CPU
		{20F7EA65-683D-49BB-A91C-04F4DC3DABBF}.Release|x64.Build.0 = Release|Any CPU
		{20F7EA65-683D-49BB-A91C-04F4DC3DABBF}.Release|x86.ActiveCfg = Release|Any CPU
		{20F7EA65-683D-49BB-A91C-04F4DC3DABBF}.Release|x86.Build.0 = Release|Any CPU
	EndGlobalSection
	GlobalSection(SolutionProperties) = preSolution
		HideSolutionNode = FALSE
	EndGlobalSection
	GlobalSection(NestedProjects) = preSolution
		{D3A38E47-DA8C-4742-A9DC-824A9C52D30C} = {827E0CD3-B72D-47B6-A68D-7590B98EB39B}
	EndGlobalSection
EndGlobal
